
Microsoft Visual Studio Solution File, Format Version 12.00
# Visual Studio Version 17
VisualStudioVersion = 17.5.2.0
MinimumVisualStudioVersion = 10.0.40219.1
Project("{FAE04EC0-301F-11D3-BF4B-00C04F79EFBC}") = "Testetécnico", "Testetécnico.csproj", "{FEF251E6-99A3-E9E4-8F35-A522A715F0E2}"
EndProject
Global
	GlobalSection(SolutionConfigurationPlatforms) = preSolution
		Debug|Any CPU = Debug|Any CPU
		Release|Any CPU = Release|Any CPU
	EndGlobalSection
	GlobalSection(ProjectConfigurationPlatforms) = postSolution
		{FEF251E6-99A3-E9E4-8F35-A522A715F0E2}.Debug|Any CPU.ActiveCfg = Debug|Any CPU
		{FEF251E6-99A3-E9E4-8F35-A522A715F0E2}.Debug|Any CPU.Build.0 = Debug|Any CPU
		{FEF251E6-99A3-E9E4-8F35-A522A715F0E2}.Release|Any CPU.ActiveCfg = Release|Any CPU
		{FEF251E6-99A3-E9E4-8F35-A522A715F0E2}.Release|Any CPU.Build.0 = Release|Any CPU
	EndGlobalSection
	GlobalSection(SolutionProperties) = preSolution
		HideSolutionNode = FALSE
	EndGlobalSection
	GlobalSection(ExtensibilityGlobals) = postSolution
		SolutionGuid = {F3176361-A8B9-421F-8C05-7A3F7752D544}
	EndGlobalSection
EndGlobal
